generate-report:
  cmd: python ./generate_report.py -cd ./configs
  deps:
  - path: ./configs/report_config.yaml
    md5: 2d5603df54afbbe87fdb6f8077d73ccd
    size: 67
  - path: ./data/data.zip
    md5: fd05c5ac78ac6c6b4671edf064738c95
    size: 3478
  - path: ./generate_report.py
    md5: f14cc1f66e12fd520624b4d787dae5e7
    size: 743
  outs:
  - path: ./data/report/eda.html
    md5: 72d869c103db67acd274f257eb8d8179
    size: 1985565
train-log-reg:
  cmd: python ./train.py -cd ./configs/train -cn train_log_reg
  deps:
  - path: ./config.py
    md5: acc1eca89a2f8902c68e41505a024dda
    size: 1560
  - path: ./configs/train/train_log_reg.yaml
    md5: b24688521ce9fb378ca393c0456c7faf
    size: 1157
  - path: ./data/train-test
    md5: 4213da276d20dae9174d6ad89860c1f3.dir
    size: 18538
    nfiles: 2
  - path: ./heat_diss
    md5: 15e6855579fa1f6e548c43c924c5fd4b.dir
    size: 11105
    nfiles: 13
  - path: ./train.py
    md5: f41ea592213d855a03f606b1bee8e447
    size: 4390
  outs:
  - path: ./data/train/log_reg/conf_matrix.csv
    md5: 29928e8b58a832d79b6077baf9c119b3
    size: 1223
  - path: ./data/train/log_reg/log_reg_metrics.json
    md5: 4567ed73fe60dcdf7775e3c402a6dbb9
    size: 31
  - path: ./data/train/log_reg/model.pickle
    md5: ad75cab8a19aabf56bef14de31246a47
    size: 2954
train-test-split:
  cmd: python ./train_test_split.py -cd ./configs/train_test_split
  deps:
  - path: ./config.py
    md5: acc1eca89a2f8902c68e41505a024dda
    size: 1560
  - path: ./configs/train_test_split/train_test_split.yaml
    md5: d33e7e5cfe3f6b28cc0eec7f64d687cd
    size: 195
  - path: ./data/data.zip
    md5: fd05c5ac78ac6c6b4671edf064738c95
    size: 3478
  - path: ./train_test_split.py
    md5: 5e8a092b65d10ea4f9b297d2d6531fe7
    size: 1321
  outs:
  - path: ./data/train-test
    md5: 4213da276d20dae9174d6ad89860c1f3.dir
    size: 18538
    nfiles: 2
